
Microsoft Visual Studio Solution File, Format Version 12.00
# Visual Studio 15
VisualStudioVersion = 15.0.28010.2048
MinimumVisualStudioVersion = 10.0.40219.1
Project("{FAE04EC0-301F-11D3-BF4B-00C04F79EFBC}") = "LineDetector", "LineDetector\LineDetector.csproj", "{7F4D1683-055A-49B7-85E0-F297B4C471CD}"
EndProject
Global
	GlobalSection(SolutionConfigurationPlatforms) = preSolution
		Debug|Any CPU = Debug|Any CPU
		Release|Any CPU = Release|Any CPU
	EndGlobalSection
	GlobalSection(ProjectConfigurationPlatforms) = postSolution
		{7F4D1683-055A-49B7-85E0-F297B4C471CD}.Debug|Any CPU.ActiveCfg = Debug|Any CPU
		{7F4D1683-055A-49B7-85E0-F297B4C471CD}.Debug|Any CPU.Build.0 = Debug|Any CPU
		{7F4D1683-055A-49B7-85E0-F297B4C471CD}.Release|Any CPU.ActiveCfg = Release|Any CPU
		{7F4D1683-055A-49B7-85E0-F297B4C471CD}.Release|Any CPU.Build.0 = Release|Any CPU
	EndGlobalSection
	GlobalSection(SolutionProperties) = preSolution
		HideSolutionNode = FALSE
	EndGlobalSection
	GlobalSection(ExtensibilityGlobals) = postSolution
		SolutionGuid = {F6B13F2F-F68C-42A1-81B7-E34E7272BA63}
	EndGlobalSection
EndGlobal
